// !$*UTF8*$!
{
	archiveVersion = 1;
	classes = {
	};
	objectVersion = 56;
	objects = {

/* Begin PBXBuildFile section */
		0017C477F25F7824C878118B /* Pods_RickAndMortyApp.framework in Frameworks */ = {isa = PBXBuildFile; fileRef = 4E63E780BC3066FF808160E2 /* Pods_RickAndMortyApp.framework */; };
		46154BA72A20C5F40005C4F9 /* FavouriteListView.swift in Sources */ = {isa = PBXBuildFile; fileRef = 46154BA62A20C5F40005C4F9 /* FavouriteListView.swift */; };
		46154BA92A20C7400005C4F9 /* FavouriteCharaktersViewModel.swift in Sources */ = {isa = PBXBuildFile; fileRef = 46154BA82A20C7400005C4F9 /* FavouriteCharaktersViewModel.swift */; };
		46572ACB2A20A0E0004349F7 /* RickAndMortyAppApp.swift in Sources */ = {isa = PBXBuildFile; fileRef = 46572ACA2A20A0E0004349F7 /* RickAndMortyAppApp.swift */; };
		46572ACD2A20A0E0004349F7 /* ContentView.swift in Sources */ = {isa = PBXBuildFile; fileRef = 46572ACC2A20A0E0004349F7 /* ContentView.swift */; };
		46572ACF2A20A0E6004349F7 /* Assets.xcassets in Resources */ = {isa = PBXBuildFile; fileRef = 46572ACE2A20A0E6004349F7 /* Assets.xcassets */; };
		46572AD22A20A0E6004349F7 /* Preview Assets.xcassets in Resources */ = {isa = PBXBuildFile; fileRef = 46572AD12A20A0E6004349F7 /* Preview Assets.xcassets */; };
		46572AD42A20A0E6004349F7 /* Persistence.swift in Sources */ = {isa = PBXBuildFile; fileRef = 46572AD32A20A0E6004349F7 /* Persistence.swift */; };
		46572AD72A20A0E6004349F7 /* RickAndMortyApp.xcdatamodeld in Sources */ = {isa = PBXBuildFile; fileRef = 46572AD52A20A0E6004349F7 /* RickAndMortyApp.xcdatamodeld */; };
		46572AE12A20A35B004349F7 /* DataAPI.swift in Sources */ = {isa = PBXBuildFile; fileRef = 46572AE02A20A35B004349F7 /* DataAPI.swift */; };
		46572AE32A20A47D004349F7 /* CharactersListView.swift in Sources */ = {isa = PBXBuildFile; fileRef = 46572AE22A20A47D004349F7 /* CharactersListView.swift */; };
		46572AE52A20A95F004349F7 /* CharacterDetailView.swift in Sources */ = {isa = PBXBuildFile; fileRef = 46572AE42A20A95F004349F7 /* CharacterDetailView.swift */; };
		46572AE72A20AEEC004349F7 /* SearchBarView.swift in Sources */ = {isa = PBXBuildFile; fileRef = 46572AE62A20AEEC004349F7 /* SearchBarView.swift */; };
/* End PBXBuildFile section */

/* Begin PBXFileReference section */
		01DFC3658FF07D39209CC3DC /* Pods-RickAndMortyApp.debug.xcconfig */ = {isa = PBXFileReference; includeInIndex = 1; lastKnownFileType = text.xcconfig; name = "Pods-RickAndMortyApp.debug.xcconfig"; path = "Target Support Files/Pods-RickAndMortyApp/Pods-RickAndMortyApp.debug.xcconfig"; sourceTree = "<group>"; };
		46154BA62A20C5F40005C4F9 /* FavouriteListView.swift */ = {isa = PBXFileReference; lastKnownFileType = sourcecode.swift; path = FavouriteListView.swift; sourceTree = "<group>"; };
		46154BA82A20C7400005C4F9 /* FavouriteCharaktersViewModel.swift */ = {isa = PBXFileReference; lastKnownFileType = sourcecode.swift; path = FavouriteCharaktersViewModel.swift; sourceTree = "<group>"; };
		46572AC72A20A0E0004349F7 /* RickAndMortyApp.app */ = {isa = PBXFileReference; explicitFileType = wrapper.application; includeInIndex = 0; path = RickAndMortyApp.app; sourceTree = BUILT_PRODUCTS_DIR; };
		46572ACA2A20A0E0004349F7 /* RickAndMortyAppApp.swift */ = {isa = PBXFileReference; lastKnownFileType = sourcecode.swift; path = RickAndMortyAppApp.swift; sourceTree = "<group>"; };
		46572ACC2A20A0E0004349F7 /* ContentView.swift */ = {isa = PBXFileReference; lastKnownFileType = sourcecode.swift; path = ContentView.swift; sourceTree = "<group>"; };
		46572ACE2A20A0E6004349F7 /* Assets.xcassets */ = {isa = PBXFileReference; lastKnownFileType = folder.assetcatalog; path = Assets.xcassets; sourceTree = "<group>"; };
		46572AD12A20A0E6004349F7 /* Preview Assets.xcassets */ = {isa = PBXFileReference; lastKnownFileType = folder.assetcatalog; path = "Preview Assets.xcassets"; sourceTree = "<group>"; };
		46572AD32A20A0E6004349F7 /* Persistence.swift */ = {isa = PBXFileReference; lastKnownFileType = sourcecode.swift; path = Persistence.swift; sourceTree = "<group>"; };
		46572AD62A20A0E6004349F7 /* RickAndMortyApp.xcdatamodel */ = {isa = PBXFileReference; lastKnownFileType = wrapper.xcdatamodel; path = RickAndMortyApp.xcdatamodel; sourceTree = "<group>"; };
		46572AE02A20A35B004349F7 /* DataAPI.swift */ = {isa = PBXFileReference; lastKnownFileType = sourcecode.swift; path = DataAPI.swift; sourceTree = "<group>"; };
		46572AE22A20A47D004349F7 /* CharactersListView.swift */ = {isa = PBXFileReference; lastKnownFileType = sourcecode.swift; path = CharactersListView.swift; sourceTree = "<group>"; };
		46572AE42A20A95F004349F7 /* CharacterDetailView.swift */ = {isa = PBXFileReference; lastKnownFileType = sourcecode.swift; path = CharacterDetailView.swift; sourceTree = "<group>"; };
		46572AE62A20AEEC004349F7 /* SearchBarView.swift */ = {isa = PBXFileReference; lastKnownFileType = sourcecode.swift; path = SearchBarView.swift; sourceTree = "<group>"; };
		4E63E780BC3066FF808160E2 /* Pods_RickAndMortyApp.framework */ = {isa = PBXFileReference; explicitFileType = wrapper.framework; includeInIndex = 0; path = Pods_RickAndMortyApp.framework; sourceTree = BUILT_PRODUCTS_DIR; };
		58FF53E2D16DD44EB5F13E47 /* Pods-RickAndMortyApp.release.xcconfig */ = {isa = PBXFileReference; includeInIndex = 1; lastKnownFileType = text.xcconfig; name = "Pods-RickAndMortyApp.release.xcconfig"; path = "Target Support Files/Pods-RickAndMortyApp/Pods-RickAndMortyApp.release.xcconfig"; sourceTree = "<group>"; };
/* End PBXFileReference section */

/* Begin PBXFrameworksBuildPhase section */
		46572AC42A20A0E0004349F7 /* Frameworks */ = {
			isa = PBXFrameworksBuildPhase;
			buildActionMask = 2147483647;
			files = (
				0017C477F25F7824C878118B /* Pods_RickAndMortyApp.framework in Frameworks */,
			);
			runOnlyForDeploymentPostprocessing = 0;
		};
/* End PBXFrameworksBuildPhase section */

/* Begin PBXGroup section */
		46572ABE2A20A0DF004349F7 = {
			isa = PBXGroup;
			children = (
				46572AC92A20A0E0004349F7 /* RickAndMortyApp */,
				46572AC82A20A0E0004349F7 /* Products */,
				674805B5BE996322B73AFB3A /* Pods */,
				92A84E245FE0ADCAB2B7BD70 /* Frameworks */,
			);
			sourceTree = "<group>";
		};
		46572AC82A20A0E0004349F7 /* Products */ = {
			isa = PBXGroup;
			children = (
				46572AC72A20A0E0004349F7 /* RickAndMortyApp.app */,
			);
			name = Products;
			sourceTree = "<group>";
		};
		46572AC92A20A0E0004349F7 /* RickAndMortyApp */ = {
			isa = PBXGroup;
			children = (
				46572ADF2A20A340004349F7 /* ViewModel */,
				46572ADE2A20A339004349F7 /* View */,
				46572ADD2A20A331004349F7 /* Model */,
				46572ACA2A20A0E0004349F7 /* RickAndMortyAppApp.swift */,
				46572ACC2A20A0E0004349F7 /* ContentView.swift */,
				46572ACE2A20A0E6004349F7 /* Assets.xcassets */,
				46572AD32A20A0E6004349F7 /* Persistence.swift */,
				46572AD52A20A0E6004349F7 /* RickAndMortyApp.xcdatamodeld */,
				46572AD02A20A0E6004349F7 /* Preview Content */,
			);
			path = RickAndMortyApp;
			sourceTree = "<group>";
		};
		46572AD02A20A0E6004349F7 /* Preview Content */ = {
			isa = PBXGroup;
			children = (
				46572AD12A20A0E6004349F7 /* Preview Assets.xcassets */,
			);
			path = "Preview Content";
			sourceTree = "<group>";
		};
		46572ADD2A20A331004349F7 /* Model */ = {
			isa = PBXGroup;
			children = (
				46572AE02A20A35B004349F7 /* DataAPI.swift */,
			);
			path = Model;
			sourceTree = "<group>";
		};
		46572ADE2A20A339004349F7 /* View */ = {
			isa = PBXGroup;
			children = (
				46572AE22A20A47D004349F7 /* CharactersListView.swift */,
				46572AE42A20A95F004349F7 /* CharacterDetailView.swift */,
				46572AE62A20AEEC004349F7 /* SearchBarView.swift */,
				46154BA62A20C5F40005C4F9 /* FavouriteListView.swift */,
			);
			path = View;
			sourceTree = "<group>";
		};
		46572ADF2A20A340004349F7 /* ViewModel */ = {
			isa = PBXGroup;
			children = (
				46154BA82A20C7400005C4F9 /* FavouriteCharaktersViewModel.swift */,
			);
			path = ViewModel;
			sourceTree = "<group>";
		};
		674805B5BE996322B73AFB3A /* Pods */ = {
			isa = PBXGroup;
			children = (
				01DFC3658FF07D39209CC3DC /* Pods-RickAndMortyApp.debug.xcconfig */,
				58FF53E2D16DD44EB5F13E47 /* Pods-RickAndMortyApp.release.xcconfig */,
			);
			path = Pods;
			sourceTree = "<group>";
		};
		92A84E245FE0ADCAB2B7BD70 /* Frameworks */ = {
			isa = PBXGroup;
			children = (
				4E63E780BC3066FF808160E2 /* Pods_RickAndMortyApp.framework */,
			);
			name = Frameworks;
			sourceTree = "<group>";
		};
/* End PBXGroup section */

/* Begin PBXNativeTarget section */
		46572AC62A20A0E0004349F7 /* RickAndMortyApp */ = {
			isa = PBXNativeTarget;
			buildConfigurationList = 46572ADA2A20A0E6004349F7 /* Build configuration list for PBXNativeTarget "RickAndMortyApp" */;
			buildPhases = (
				211DF69CBCAAA44E02CFDA30 /* [CP] Check Pods Manifest.lock */,
				46572AC32A20A0E0004349F7 /* Sources */,
				46572AC42A20A0E0004349F7 /* Frameworks */,
				46572AC52A20A0E0004349F7 /* Resources */,
				CADAB8A55F79FE3CABE0AE50 /* [CP] Embed Pods Frameworks */,
			);
			buildRules = (
			);
			dependencies = (
			);
			name = RickAndMortyApp;
			productName = RickAndMortyApp;
			productReference = 46572AC72A20A0E0004349F7 /* RickAndMortyApp.app */;
			productType = "com.apple.product-type.application";
		};
/* End PBXNativeTarget section */

/* Begin PBXProject section */
		46572ABF2A20A0DF004349F7 /* Project object */ = {
			isa = PBXProject;
			attributes = {
				BuildIndependentTargetsInParallel = 1;
				LastSwiftUpdateCheck = 1430;
				LastUpgradeCheck = 1430;
				TargetAttributes = {
					46572AC62A20A0E0004349F7 = {
						CreatedOnToolsVersion = 14.3;
					};
				};
			};
			buildConfigurationList = 46572AC22A20A0DF004349F7 /* Build configuration list for PBXProject "RickAndMortyApp" */;
			compatibilityVersion = "Xcode 14.0";
			developmentRegion = en;
			hasScannedForEncodings = 0;
			knownRegions = (
				en,
				Base,
			);
			mainGroup = 46572ABE2A20A0DF004349F7;
			productRefGroup = 46572AC82A20A0E0004349F7 /* Products */;
			projectDirPath = "";
			projectRoot = "";
			targets = (
				46572AC62A20A0E0004349F7 /* RickAndMortyApp */,
			);
		};
/* End PBXProject section */

/* Begin PBXResourcesBuildPhase section */
		46572AC52A20A0E0004349F7 /* Resources */ = {
			isa = PBXResourcesBuildPhase;
			buildActionMask = 2147483647;
			files = (
				46572AD22A20A0E6004349F7 /* Preview Assets.xcassets in Resources */,
				46572ACF2A20A0E6004349F7 /* Assets.xcassets in Resources */,
			);
			runOnlyForDeploymentPostprocessing = 0;
		};
/* End PBXResourcesBuildPhase section */

/* Begin PBXShellScriptBuildPhase section */
		211DF69CBCAAA44E02CFDA30 /* [CP] Check Pods Manifest.lock */ = {
			isa = PBXShellScriptBuildPhase;
			buildActionMask = 2147483647;
			files = (
			);
			inputFileListPaths = (
			);
			inputPaths = (
				"${PODS_PODFILE_DIR_PATH}/Podfile.lock",
				"${PODS_ROOT}/Manifest.lock",
			);
			name = "[CP] Check Pods Manifest.lock";
			outputFileListPaths = (
			);
			outputPaths = (
				"$(DERIVED_FILE_DIR)/Pods-RickAndMortyApp-checkManifestLockResult.txt",
			);
			runOnlyForDeploymentPostprocessing = 0;
			shellPath = /bin/sh;
			shellScript = "diff \"${PODS_PODFILE_DIR_PATH}/Podfile.lock\" \"${PODS_ROOT}/Manifest.lock\" > /dev/null\nif [ $? != 0 ] ; then\n    # print error to STDERR\n    echo \"error: The sandbox is not in sync with the Podfile.lock. Run 'pod install' or update your CocoaPods installation.\" >&2\n    exit 1\nfi\n# This output is used by Xcode 'outputs' to avoid re-running this script phase.\necho \"SUCCESS\" > \"${SCRIPT_OUTPUT_FILE_0}\"\n";
			showEnvVarsInLog = 0;
		};
		CADAB8A55F79FE3CABE0AE50 /* [CP] Embed Pods Frameworks */ = {
			isa = PBXShellScriptBuildPhase;
			buildActionMask = 2147483647;
			files = (
			);
			inputFileListPaths = (
				"${PODS_ROOT}/Target Support Files/Pods-RickAndMortyApp/Pods-RickAndMortyApp-frameworks-${CONFIGURATION}-input-files.xcfilelist",
			);
			name = "[CP] Embed Pods Frameworks";
			outputFileListPaths = (
				"${PODS_ROOT}/Target Support Files/Pods-RickAndMortyApp/Pods-RickAndMortyApp-frameworks-${CONFIGURATION}-output-files.xcfilelist",
			);
			runOnlyForDeploymentPostprocessing = 0;
			shellPath = /bin/sh;
			shellScript = "\"${PODS_ROOT}/Target Support Files/Pods-RickAndMortyApp/Pods-RickAndMortyApp-frameworks.sh\"\n";
			showEnvVarsInLog = 0;
		};
/* End PBXShellScriptBuildPhase section */

/* Begin PBXSourcesBuildPhase section */
		46572AC32A20A0E0004349F7 /* Sources */ = {
			isa = PBXSourcesBuildPhase;
			buildActionMask = 2147483647;
			files = (
				46572AD72A20A0E6004349F7 /* RickAndMortyApp.xcdatamodeld in Sources */,
				46572AE12A20A35B004349F7 /* DataAPI.swift in Sources */,
				46154BA92A20C7400005C4F9 /* FavouriteCharaktersViewModel.swift in Sources */,
				46154BA72A20C5F40005C4F9 /* FavouriteListView.swift in Sources */,
				46572AE32A20A47D004349F7 /* CharactersListView.swift in Sources */,
				46572AE52A20A95F004349F7 /* CharacterDetailView.swift in Sources */,
				46572AE72A20AEEC004349F7 /* SearchBarView.swift in Sources */,
				46572AD42A20A0E6004349F7 /* Persistence.swift in Sources */,
				46572ACD2A20A0E0004349F7 /* ContentView.swift in Sources */,
				46572ACB2A20A0E0004349F7 /* RickAndMortyAppApp.swift in Sources */,
			);
			runOnlyForDeploymentPostprocessing = 0;
		};
/* End PBXSourcesBuildPhase section */

/* Begin XCBuildConfiguration section */
		46572AD82A20A0E6004349F7 /* Debug */ = {
			isa = XCBuildConfiguration;
			buildSettings = {
				ALWAYS_SEARCH_USER_PATHS = NO;
				CLANG_ANALYZER_NONNULL = YES;
				CLANG_ANALYZER_NUMBER_OBJECT_CONVERSION = YES_AGGRESSIVE;
				CLANG_CXX_LANGUAGE_STANDARD = "gnu++20";
				CLANG_ENABLE_MODULES = YES;
				CLANG_ENABLE_OBJC_ARC = YES;
				CLANG_ENABLE_OBJC_WEAK = YES;
				CLANG_WARN_BLOCK_CAPTURE_AUTORELEASING = YES;
				CLANG_WARN_BOOL_CONVERSION = YES;
				CLANG_WARN_COMMA = YES;
				CLANG_WARN_CONSTANT_CONVERSION = YES;
				CLANG_WARN_DEPRECATED_OBJC_IMPLEMENTATIONS = YES;
				CLANG_WARN_DIRECT_OBJC_ISA_USAGE = YES_ERROR;
				CLANG_WARN_DOCUMENTATION_COMMENTS = YES;
				CLANG_WARN_EMPTY_BODY = YES;
				CLANG_WARN_ENUM_CONVERSION = YES;
				CLANG_WARN_INFINITE_RECURSION = YES;
				CLANG_WARN_INT_CONVERSION = YES;
				CLANG_WARN_NON_LITERAL_NULL_CONVERSION = YES;
				CLANG_WARN_OBJC_IMPLICIT_RETAIN_SELF = YES;
				CLANG_WARN_OBJC_LITERAL_CONVERSION = YES;
				CLANG_WARN_OBJC_ROOT_CLASS = YES_ERROR;
				CLANG_WARN_QUOTED_INCLUDE_IN_FRAMEWORK_HEADER = YES;
				CLANG_WARN_RANGE_LOOP_ANALYSIS = YES;
				CLANG_WARN_STRICT_PROTOTYPES = YES;
				CLANG_WARN_SUSPICIOUS_MOVE = YES;
				CLANG_WARN_UNGUARDED_AVAILABILITY = YES_AGGRESSIVE;
				CLANG_WARN_UNREACHABLE_CODE = YES;
				CLANG_WARN__DUPLICATE_METHOD_MATCH = YES;
				COPY_PHASE_STRIP = NO;
				DEBUG_INFORMATION_FORMAT = dwarf;
				ENABLE_STRICT_OBJC_MSGSEND = YES;
				ENABLE_TESTABILITY = YES;
				GCC_C_LANGUAGE_STANDARD = gnu11;
				GCC_DYNAMIC_NO_PIC = NO;
				GCC_NO_COMMON_BLOCKS = YES;
				GCC_OPTIMIZATION_LEVEL = 0;
				GCC_PREPROCESSOR_DEFINITIONS = (
					"DEBUG=1",
					"$(inherited)",
				);
				GCC_WARN_64_TO_32_BIT_CONVERSION = YES;
				GCC_WARN_ABOUT_RETURN_TYPE = YES_ERROR;
				GCC_WARN_UNDECLARED_SELECTOR = YES;
				GCC_WARN_UNINITIALIZED_AUTOS = YES_AGGRESSIVE;
				GCC_WARN_UNUSED_FUNCTION = YES;
				GCC_WARN_UNUSED_VARIABLE = YES;
				IPHONEOS_DEPLOYMENT_TARGET = 16.4;
				MTL_ENABLE_DEBUG_INFO = INCLUDE_SOURCE;
				MTL_FAST_MATH = YES;
				ONLY_ACTIVE_ARCH = YES;
				SDKROOT = iphoneos;
				SWIFT_ACTIVE_COMPILATION_CONDITIONS = DEBUG;
				SWIFT_OPTIMIZATION_LEVEL = "-Onone";
			};
			name = Debug;
		};
		46572AD92A20A0E6004349F7 /* Release */ = {
			isa = XCBuildConfiguration;
			buildSettings = {
				ALWAYS_SEARCH_USER_PATHS = NO;
				CLANG_ANALYZER_NONNULL = YES;
				CLANG_ANALYZER_NUMBER_OBJECT_CONVERSION = YES_AGGRESSIVE;
				CLANG_CXX_LANGUAGE_STANDARD = "gnu++20";
				CLANG_ENABLE_MODULES = YES;
				CLANG_ENABLE_OBJC_ARC = YES;
				CLANG_ENABLE_OBJC_WEAK = YES;
				CLANG_WARN_BLOCK_CAPTURE_AUTORELEASING = YES;
				CLANG_WARN_BOOL_CONVERSION = YES;
				CLANG_WARN_COMMA = YES;
				CLANG_WARN_CONSTANT_CONVERSION = YES;
				CLANG_WARN_DEPRECATED_OBJC_IMPLEMENTATIONS = YES;
				CLANG_WARN_DIRECT_OBJC_ISA_USAGE = YES_ERROR;
				CLANG_WARN_DOCUMENTATION_COMMENTS = YES;
				CLANG_WARN_EMPTY_BODY = YES;
				CLANG_WARN_ENUM_CONVERSION = YES;
				CLANG_WARN_INFINITE_RECURSION = YES;
				CLANG_WARN_INT_CONVERSION = YES;
				CLANG_WARN_NON_LITERAL_NULL_CONVERSION = YES;
				CLANG_WARN_OBJC_IMPLICIT_RETAIN_SELF = YES;
				CLANG_WARN_OBJC_LITERAL_CONVERSION = YES;
				CLANG_WARN_OBJC_ROOT_CLASS = YES_ERROR;
				CLANG_WARN_QUOTED_INCLUDE_IN_FRAMEWORK_HEADER = YES;
				CLANG_WARN_RANGE_LOOP_ANALYSIS = YES;
				CLANG_WARN_STRICT_PROTOTYPES = YES;
				CLANG_WARN_SUSPICIOUS_MOVE = YES;
				CLANG_WARN_UNGUARDED_AVAILABILITY = YES_AGGRESSIVE;
				CLANG_WARN_UNREACHABLE_CODE = YES;
				CLANG_WARN__DUPLICATE_METHOD_MATCH = YES;
				COPY_PHASE_STRIP = NO;
				DEBUG_INFORMATION_FORMAT = "dwarf-with-dsym";
				ENABLE_NS_ASSERTIONS = NO;
				ENABLE_STRICT_OBJC_MSGSEND = YES;
				GCC_C_LANGUAGE_STANDARD = gnu11;
				GCC_NO_COMMON_BLOCKS = YES;
				GCC_WARN_64_TO_32_BIT_CONVERSION = YES;
				GCC_WARN_ABOUT_RETURN_TYPE = YES_ERROR;
				GCC_WARN_UNDECLARED_SELECTOR = YES;
				GCC_WARN_UNINITIALIZED_AUTOS = YES_AGGRESSIVE;
				GCC_WARN_UNUSED_FUNCTION = YES;
				GCC_WARN_UNUSED_VARIABLE = YES;
				IPHONEOS_DEPLOYMENT_TARGET = 16.4;
				MTL_ENABLE_DEBUG_INFO = NO;
				MTL_FAST_MATH = YES;
				SDKROOT = iphoneos;
				SWIFT_COMPILATION_MODE = wholemodule;
				SWIFT_OPTIMIZATION_LEVEL = "-O";
				VALIDATE_PRODUCT = YES;
			};
			name = Release;
		};
		46572ADB2A20A0E6004349F7 /* Debug */ = {
			isa = XCBuildConfiguration;
			baseConfigurationReference = 01DFC3658FF07D39209CC3DC /* Pods-RickAndMortyApp.debug.xcconfig */;
			buildSettings = {
				ASSETCATALOG_COMPILER_APPICON_NAME = AppIcon;
				ASSETCATALOG_COMPILER_GLOBAL_ACCENT_COLOR_NAME = AccentColor;
				CODE_SIGN_STYLE = Automatic;
				CURRENT_PROJECT_VERSION = 1;
				DEVELOPMENT_ASSET_PATHS = "\"RickAndMortyApp/Preview Content\"";
				DEVELOPMENT_TEAM = 36QBTUSG6B;
				ENABLE_PREVIEWS = YES;
				GENERATE_INFOPLIST_FILE = YES;
				INFOPLIST_KEY_UIApplicationSceneManifest_Generation = YES;
				INFOPLIST_KEY_UIApplicationSupportsIndirectInputEvents = YES;
				INFOPLIST_KEY_UILaunchScreen_Generation = YES;
				INFOPLIST_KEY_UISupportedInterfaceOrientations_iPad = "UIInterfaceOrientationPortrait UIInterfaceOrientationPortraitUpsideDown UIInterfaceOrientationLandscapeLeft UIInterfaceOrientationLandscapeRight";
				INFOPLIST_KEY_UISupportedInterfaceOrientations_iPhone = "UIInterfaceOrientationPortrait UIInterfaceOrientationLandscapeLeft UIInterfaceOrientationLandscapeRight";
				LD_RUNPATH_SEARCH_PATHS = (
					"$(inherited)",
					"@executable_path/Frameworks",
				);
				MARKETING_VERSION = 1.0;
				PRODUCT_BUNDLE_IDENTIFIER = com.cerna.RickAndMortyApp;
				PRODUCT_NAME = "$(TARGET_NAME)";
				SWIFT_EMIT_LOC_STRINGS = YES;
				SWIFT_VERSION = 5.0;
				TARGETED_DEVICE_FAMILY = "1,2";
			};
			name = Debug;
		};
		46572ADC2A20A0E6004349F7 /* Release */ = {
			isa = XCBuildConfiguration;
			baseConfigurationReference = 58FF53E2D16DD44EB5F13E47 /* Pods-RickAndMortyApp.release.xcconfig */;
			buildSettings = {
				ASSETCATALOG_COMPILER_APPICON_NAME = AppIcon;
				ASSETCATALOG_COMPILER_GLOBAL_ACCENT_COLOR_NAME = AccentColor;
				CODE_SIGN_STYLE = Automatic;
				CURRENT_PROJECT_VERSION = 1;
				DEVELOPMENT_ASSET_PATHS = "\"RickAndMortyApp/Preview Content\"";
				DEVELOPMENT_TEAM = 36QBTUSG6B;
				ENABLE_PREVIEWS = YES;
				GENERATE_INFOPLIST_FILE = YES;
				INFOPLIST_KEY_UIApplicationSceneManifest_Generation = YES;
				INFOPLIST_KEY_UIApplicationSupportsIndirectInputEvents = YES;
				INFOPLIST_KEY_UILaunchScreen_Generation = YES;
				INFOPLIST_KEY_UISupportedInterfaceOrientations_iPad = "UIInterfaceOrientationPortrait UIInterfaceOrientationPortraitUpsideDown UIInterfaceOrientationLandscapeLeft UIInterfaceOrientationLandscapeRight";
				INFOPLIST_KEY_UISupportedInterfaceOrientations_iPhone = "UIInterfaceOrientationPortrait UIInterfaceOrientationLandscapeLeft UIInterfaceOrientationLandscapeRight";
				LD_RUNPATH_SEARCH_PATHS = (
					"$(inherited)",
					"@executable_path/Frameworks",
				);
				MARKETING_VERSION = 1.0;
				PRODUCT_BUNDLE_IDENTIFIER = com.cerna.RickAndMortyApp;
				PRODUCT_NAME = "$(TARGET_NAME)";
				SWIFT_EMIT_LOC_STRINGS = YES;
				SWIFT_VERSION = 5.0;
				TARGETED_DEVICE_FAMILY = "1,2";
			};
			name = Release;
		};
/* End XCBuildConfiguration section */

/* Begin XCConfigurationList section */
		46572AC22A20A0DF004349F7 /* Build configuration list for PBXProject "RickAndMortyApp" */ = {
			isa = XCConfigurationList;
			buildConfigurations = (
				46572AD82A20A0E6004349F7 /* Debug */,
				46572AD92A20A0E6004349F7 /* Release */,
			);
			defaultConfigurationIsVisible = 0;
			defaultConfigurationName = Release;
		};
		46572ADA2A20A0E6004349F7 /* Build configuration list for PBXNativeTarget "RickAndMortyApp" */ = {
			isa = XCConfigurationList;
			buildConfigurations = (
				46572ADB2A20A0E6004349F7 /* Debug */,
				46572ADC2A20A0E6004349F7 /* Release */,
			);
			defaultConfigurationIsVisible = 0;
			defaultConfigurationName = Release;
		};
/* End XCConfigurationList section */

/* Begin XCVersionGroup section */
		46572AD52A20A0E6004349F7 /* RickAndMortyApp.xcdatamodeld */ = {
			isa = XCVersionGroup;
			children = (
				46572AD62A20A0E6004349F7 /* RickAndMortyApp.xcdatamodel */,
			);
			currentVersion = 46572AD62A20A0E6004349F7 /* RickAndMortyApp.xcdatamodel */;
			path = RickAndMortyApp.xcdatamodeld;
			sourceTree = "<group>";
			versionGroupType = wrapper.xcdatamodel;
		};
/* End XCVersionGroup section */
	};
	rootObject = 46572ABF2A20A0DF004349F7 /* Project object */;
}
